
Microsoft Visual Studio Solution File, Format Version 12.00
# Visual Studio Version 17
VisualStudioVersion = 17.9.34723.18
MinimumVisualStudioVersion = 10.0.40219.1
Project("{FAE04EC0-301F-11D3-BF4B-00C04F79EFBC}") = "karakter_yönetim_sistemi", "karakter_yönetim_sistemi\karakter_yönetim_sistemi.csproj", "{DC22B753-B858-49B6-BE6F-977FB7C5168C}"
EndProject
Global
	GlobalSection(SolutionConfigurationPlatforms) = preSolution
		Debug|Any CPU = Debug|Any CPU
		Release|Any CPU = Release|Any CPU
	EndGlobalSection
	GlobalSection(ProjectConfigurationPlatforms) = postSolution
		{DC22B753-B858-49B6-BE6F-977FB7C5168C}.Debug|Any CPU.ActiveCfg = Debug|Any CPU
		{DC22B753-B858-49B6-BE6F-977FB7C5168C}.Debug|Any CPU.Build.0 = Debug|Any CPU
		{DC22B753-B858-49B6-BE6F-977FB7C5168C}.Release|Any CPU.ActiveCfg = Release|Any CPU
		{DC22B753-B858-49B6-BE6F-977FB7C5168C}.Release|Any CPU.Build.0 = Release|Any CPU
	EndGlobalSection
	GlobalSection(SolutionProperties) = preSolution
		HideSolutionNode = FALSE
	EndGlobalSection
	GlobalSection(ExtensibilityGlobals) = postSolution
		SolutionGuid = {703B28CC-0F7A-49E9-A22D-6023A43FC4A1}
	EndGlobalSection
EndGlobal
