
Microsoft Visual Studio Solution File, Format Version 12.00
# Visual Studio Version 17
VisualStudioVersion = 17.9.34723.18
MinimumVisualStudioVersion = 10.0.40219.1
Project("{FAE04EC0-301F-11D3-BF4B-00C04F79EFBC}") = "Tahmin_oyunu", "Tahmin_oyunu\Tahmin_oyunu.csproj", "{04ECA365-C5F7-4BA6-B708-212F0B7C36FF}"
EndProject
Global
	GlobalSection(SolutionConfigurationPlatforms) = preSolution
		Debug|Any CPU = Debug|Any CPU
		Release|Any CPU = Release|Any CPU
	EndGlobalSection
	GlobalSection(ProjectConfigurationPlatforms) = postSolution
		{04ECA365-C5F7-4BA6-B708-212F0B7C36FF}.Debug|Any CPU.ActiveCfg = Debug|Any CPU
		{04ECA365-C5F7-4BA6-B708-212F0B7C36FF}.Debug|Any CPU.Build.0 = Debug|Any CPU
		{04ECA365-C5F7-4BA6-B708-212F0B7C36FF}.Release|Any CPU.ActiveCfg = Release|Any CPU
		{04ECA365-C5F7-4BA6-B708-212F0B7C36FF}.Release|Any CPU.Build.0 = Release|Any CPU
	EndGlobalSection
	GlobalSection(SolutionProperties) = preSolution
		HideSolutionNode = FALSE
	EndGlobalSection
	GlobalSection(ExtensibilityGlobals) = postSolution
		SolutionGuid = {4D3AFB2D-11C5-4873-B90D-815EF026E81B}
	EndGlobalSection
EndGlobal
