
Microsoft Visual Studio Solution File, Format Version 12.00
# Visual Studio Version 17
VisualStudioVersion = 17.9.34723.18
MinimumVisualStudioVersion = 10.0.40219.1
Project("{FAE04EC0-301F-11D3-BF4B-00C04F79EFBC}") = "banka_uygulaması", "banka_uygulaması\banka_uygulaması.csproj", "{DF516F70-309B-49DC-AFEA-3E302B1A5D57}"
EndProject
Global
	GlobalSection(SolutionConfigurationPlatforms) = preSolution
		Debug|Any CPU = Debug|Any CPU
		Release|Any CPU = Release|Any CPU
	EndGlobalSection
	GlobalSection(ProjectConfigurationPlatforms) = postSolution
		{DF516F70-309B-49DC-AFEA-3E302B1A5D57}.Debug|Any CPU.ActiveCfg = Debug|Any CPU
		{DF516F70-309B-49DC-AFEA-3E302B1A5D57}.Debug|Any CPU.Build.0 = Debug|Any CPU
		{DF516F70-309B-49DC-AFEA-3E302B1A5D57}.Release|Any CPU.ActiveCfg = Release|Any CPU
		{DF516F70-309B-49DC-AFEA-3E302B1A5D57}.Release|Any CPU.Build.0 = Release|Any CPU
	EndGlobalSection
	GlobalSection(SolutionProperties) = preSolution
		HideSolutionNode = FALSE
	EndGlobalSection
	GlobalSection(ExtensibilityGlobals) = postSolution
		SolutionGuid = {22AD8B5A-F8B9-4328-8987-D3AC2DAD74FC}
	EndGlobalSection
EndGlobal
